
Microsoft Visual Studio Solution File, Format Version 12.00
# Visual Studio Version 17
VisualStudioVersion = 17.5.33627.172
MinimumVisualStudioVersion = 10.0.40219.1
Project("{FAE04EC0-301F-11D3-BF4B-00C04F79EFBC}") = "Echo_Task", "Echo_Task\Echo_Task.csproj", "{25592857-6A42-4FDB-A01F-48CEF104A336}"
EndProject
Project("{FAE04EC0-301F-11D3-BF4B-00C04F79EFBC}") = "Domain", "Domain\Domain.csproj", "{03CB75E0-6921-4E4C-80C4-7CD3AF0F9724}"
EndProject
Project("{FAE04EC0-301F-11D3-BF4B-00C04F79EFBC}") = "Repositories", "Repository\Repositories.csproj", "{E6D57141-BE97-438D-8455-B97B9130DC3E}"
EndProject
Project("{FAE04EC0-301F-11D3-BF4B-00C04F79EFBC}") = "Services", "Service\Services.csproj", "{7C520E84-D78F-4A77-899D-B2807AF778B7}"
EndProject
Project("{FAE04EC0-301F-11D3-BF4B-00C04F79EFBC}") = "Infrastructure", "Infrastructure\Infrastructure.csproj", "{7D60F45E-BFA5-49CC-A7B2-573079DC24D7}"
EndProject
Project("{FAE04EC0-301F-11D3-BF4B-00C04F79EFBC}") = "Echo_TaskAPI", "Echo_TaskAPI\Echo_TaskAPI.csproj", "{517B0F4E-4592-4713-BDBA-3E2862D78257}"
EndProject
Global
	GlobalSection(SolutionConfigurationPlatforms) = preSolution
		Debug|Any CPU = Debug|Any CPU
		Release|Any CPU = Release|Any CPU
	EndGlobalSection
	GlobalSection(ProjectConfigurationPlatforms) = postSolution
		{25592857-6A42-4FDB-A01F-48CEF104A336}.Debug|Any CPU.ActiveCfg = Debug|Any CPU
		{25592857-6A42-4FDB-A01F-48CEF104A336}.Debug|Any CPU.Build.0 = Debug|Any CPU
		{25592857-6A42-4FDB-A01F-48CEF104A336}.Release|Any CPU.ActiveCfg = Release|Any CPU
		{25592857-6A42-4FDB-A01F-48CEF104A336}.Release|Any CPU.Build.0 = Release|Any CPU
		{03CB75E0-6921-4E4C-80C4-7CD3AF0F9724}.Debug|Any CPU.ActiveCfg = Debug|Any CPU
		{03CB75E0-6921-4E4C-80C4-7CD3AF0F9724}.Debug|Any CPU.Build.0 = Debug|Any CPU
		{03CB75E0-6921-4E4C-80C4-7CD3AF0F9724}.Release|Any CPU.ActiveCfg = Release|Any CPU
		{03CB75E0-6921-4E4C-80C4-7CD3AF0F9724}.Release|Any CPU.Build.0 = Release|Any CPU
		{E6D57141-BE97-438D-8455-B97B9130DC3E}.Debug|Any CPU.ActiveCfg = Debug|Any CPU
		{E6D57141-BE97-438D-8455-B97B9130DC3E}.Debug|Any CPU.Build.0 = Debug|Any CPU
		{E6D57141-BE97-438D-8455-B97B9130DC3E}.Release|Any CPU.ActiveCfg = Release|Any CPU
		{E6D57141-BE97-438D-8455-B97B9130DC3E}.Release|Any CPU.Build.0 = Release|Any CPU
		{7C520E84-D78F-4A77-899D-B2807AF778B7}.Debug|Any CPU.ActiveCfg = Debug|Any CPU
		{7C520E84-D78F-4A77-899D-B2807AF778B7}.Debug|Any CPU.Build.0 = Debug|Any CPU
		{7C520E84-D78F-4A77-899D-B2807AF778B7}.Release|Any CPU.ActiveCfg = Release|Any CPU
		{7C520E84-D78F-4A77-899D-B2807AF778B7}.Release|Any CPU.Build.0 = Release|Any CPU
		{7D60F45E-BFA5-49CC-A7B2-573079DC24D7}.Debug|Any CPU.ActiveCfg = Debug|Any CPU
		{7D60F45E-BFA5-49CC-A7B2-573079DC24D7}.Debug|Any CPU.Build.0 = Debug|Any CPU
		{7D60F45E-BFA5-49CC-A7B2-573079DC24D7}.Release|Any CPU.ActiveCfg = Release|Any CPU
		{7D60F45E-BFA5-49CC-A7B2-573079DC24D7}.Release|Any CPU.Build.0 = Release|Any CPU
		{517B0F4E-4592-4713-BDBA-3E2862D78257}.Debug|Any CPU.ActiveCfg = Debug|Any CPU
		{517B0F4E-4592-4713-BDBA-3E2862D78257}.Debug|Any CPU.Build.0 = Debug|Any CPU
		{517B0F4E-4592-4713-BDBA-3E2862D78257}.Release|Any CPU.ActiveCfg = Release|Any CPU
		{517B0F4E-4592-4713-BDBA-3E2862D78257}.Release|Any CPU.Build.0 = Release|Any CPU
	EndGlobalSection
	GlobalSection(SolutionProperties) = preSolution
		HideSolutionNode = FALSE
	EndGlobalSection
	GlobalSection(ExtensibilityGlobals) = postSolution
		SolutionGuid = {25DC0B61-1E15-4767-BFE0-3477EF5BD127}
	EndGlobalSection
EndGlobal
